
Microsoft Visual Studio Solution File, Format Version 12.00
# Visual Studio Version 17
VisualStudioVersion = 17.9.34723.18
MinimumVisualStudioVersion = 10.0.40219.1
Project("{FAE04EC0-301F-11D3-BF4B-00C04F79EFBC}") = "ViceVersa.AI.OpenAI.Files", "ViceVersa.AI.OpenAI.Files\ViceVersa.AI.OpenAI.Files.csproj", "{727D4DEA-FCF7-4144-A244-980C9B2B43DA}"
EndProject
Global
	GlobalSection(SolutionConfigurationPlatforms) = preSolution
		Debug|Any CPU = Debug|Any CPU
		Release|Any CPU = Release|Any CPU
	EndGlobalSection
	GlobalSection(ProjectConfigurationPlatforms) = postSolution
		{727D4DEA-FCF7-4144-A244-980C9B2B43DA}.Debug|Any CPU.ActiveCfg = Debug|Any CPU
		{727D4DEA-FCF7-4144-A244-980C9B2B43DA}.Debug|Any CPU.Build.0 = Debug|Any CPU
		{727D4DEA-FCF7-4144-A244-980C9B2B43DA}.Release|Any CPU.ActiveCfg = Release|Any CPU
		{727D4DEA-FCF7-4144-A244-980C9B2B43DA}.Release|Any CPU.Build.0 = Release|Any CPU
	EndGlobalSection
	GlobalSection(SolutionProperties) = preSolution
		HideSolutionNode = FALSE
	EndGlobalSection
	GlobalSection(ExtensibilityGlobals) = postSolution
		SolutionGuid = {05CE73C3-660B-45DD-A0C3-AF9DBDD7A7E8}
	EndGlobalSection
EndGlobal
